// !$*UTF8*$!
{
	archiveVersion = 1;
	classes = {
	};
	objectVersion = 46;
	objects = {

/* Begin PBXBuildFile section */
		186024E11F1607970044324D /* main.m in Sources */ = {isa = PBXBuildFile; fileRef = 186024E01F1607970044324D /* main.m */; };
		186024E41F1607970044324D /* AppDelegate.m in Sources */ = {isa = PBXBuildFile; fileRef = 186024E31F1607970044324D /* AppDelegate.m */; };
		186024E71F1607970044324D /* ViewController.m in Sources */ = {isa = PBXBuildFile; fileRef = 186024E61F1607970044324D /* ViewController.m */; };
		186024EA1F1607970044324D /* Main.storyboard in Resources */ = {isa = PBXBuildFile; fileRef = 186024E81F1607970044324D /* Main.storyboard */; };
		186024EC1F1607970044324D /* Assets.xcassets in Resources */ = {isa = PBXBuildFile; fileRef = 186024EB1F1607970044324D /* Assets.xcassets */; };
		186024EF1F1607970044324D /* LaunchScreen.storyboard in Resources */ = {isa = PBXBuildFile; fileRef = 186024ED1F1607970044324D /* LaunchScreen.storyboard */; };
		186024FA1F1607970044324D /* djzTests.m in Sources */ = {isa = PBXBuildFile; fileRef = 186024F91F1607970044324D /* djzTests.m */; };
		186025051F1607970044324D /* djzUITests.m in Sources */ = {isa = PBXBuildFile; fileRef = 186025041F1607970044324D /* djzUITests.m */; };
		186A487D1F160EB200A7D90D /* . gitignore in Resources */ = {isa = PBXBuildFile; fileRef = 186A487C1F160EB200A7D90D /* . gitignore */; };
/* End PBXBuildFile section */

/* Begin PBXContainerItemProxy section */
		186024F61F1607970044324D /* PBXContainerItemProxy */ = {
			isa = PBXContainerItemProxy;
			containerPortal = 186024D41F1607960044324D /* Project object */;
			proxyType = 1;
			remoteGlobalIDString = 186024DB1F1607970044324D;
			remoteInfo = djz;
		};
		186025011F1607970044324D /* PBXContainerItemProxy */ = {
			isa = PBXContainerItemProxy;
			containerPortal = 186024D41F1607960044324D /* Project object */;
			proxyType = 1;
			remoteGlobalIDString = 186024DB1F1607970044324D;
			remoteInfo = djz;
		};
/* End PBXContainerItemProxy section */

/* Begin PBXFileReference section */
		186024DC1F1607970044324D /* djz.app */ = {isa = PBXFileReference; explicitFileType = wrapper.application; includeInIndex = 0; path = djz.app; sourceTree = BUILT_PRODUCTS_DIR; };
		186024E01F1607970044324D /* main.m */ = {isa = PBXFileReference; lastKnownFileType = sourcecode.c.objc; path = main.m; sourceTree = "<group>"; };
		186024E21F1607970044324D /* AppDelegate.h */ = {isa = PBXFileReference; lastKnownFileType = sourcecode.c.h; path = AppDelegate.h; sourceTree = "<group>"; };
		186024E31F1607970044324D /* AppDelegate.m */ = {isa = PBXFileReference; lastKnownFileType = sourcecode.c.objc; path = AppDelegate.m; sourceTree = "<group>"; };
		186024E51F1607970044324D /* ViewController.h */ = {isa = PBXFileReference; lastKnownFileType = sourcecode.c.h; path = ViewController.h; sourceTree = "<group>"; };
		186024E61F1607970044324D /* ViewController.m */ = {isa = PBXFileReference; lastKnownFileType = sourcecode.c.objc; path = ViewController.m; sourceTree = "<group>"; };
		186024E91F1607970044324D /* Base */ = {isa = PBXFileReference; lastKnownFileType = file.storyboard; name = Base; path = Base.lproj/Main.storyboard; sourceTree = "<group>"; };
		186024EB1F1607970044324D /* Assets.xcassets */ = {isa = PBXFileReference; lastKnownFileType = folder.assetcatalog; path = Assets.xcassets; sourceTree = "<group>"; };
		186024EE1F1607970044324D /* Base */ = {isa = PBXFileReference; lastKnownFileType = file.storyboard; name = Base; path = Base.lproj/LaunchScreen.storyboard; sourceTree = "<group>"; };
		186024F01F1607970044324D /* Info.plist */ = {isa = PBXFileReference; lastKnownFileType = text.plist.xml; path = Info.plist; sourceTree = "<group>"; };
		186024F51F1607970044324D /* djzTests.xctest */ = {isa = PBXFileReference; explicitFileType = wrapper.cfbundle; includeInIndex = 0; path = djzTests.xctest; sourceTree = BUILT_PRODUCTS_DIR; };
		186024F91F1607970044324D /* djzTests.m */ = {isa = PBXFileReference; lastKnownFileType = sourcecode.c.objc; path = djzTests.m; sourceTree = "<group>"; };
		186024FB1F1607970044324D /* Info.plist */ = {isa = PBXFileReference; lastKnownFileType = text.plist.xml; path = Info.plist; sourceTree = "<group>"; };
		186025001F1607970044324D /* djzUITests.xctest */ = {isa = PBXFileReference; explicitFileType = wrapper.cfbundle; includeInIndex = 0; path = djzUITests.xctest; sourceTree = BUILT_PRODUCTS_DIR; };
		186025041F1607970044324D /* djzUITests.m */ = {isa = PBXFileReference; lastKnownFileType = sourcecode.c.objc; path = djzUITests.m; sourceTree = "<group>"; };
		186025061F1607970044324D /* Info.plist */ = {isa = PBXFileReference; lastKnownFileType = text.plist.xml; path = Info.plist; sourceTree = "<group>"; };
		186A487C1F160EB200A7D90D /* . gitignore */ = {isa = PBXFileReference; fileEncoding = 4; lastKnownFileType = text; path = ". gitignore"; sourceTree = "<group>"; };
/* End PBXFileReference section */

/* Begin PBXFrameworksBuildPhase section */
		186024D91F1607970044324D /* Frameworks */ = {
			isa = PBXFrameworksBuildPhase;
			buildActionMask = 2147483647;
			files = (
			);
			runOnlyForDeploymentPostprocessing = 0;
		};
		186024F21F1607970044324D /* Frameworks */ = {
			isa = PBXFrameworksBuildPhase;
			buildActionMask = 2147483647;
			files = (
			);
			runOnlyForDeploymentPostprocessing = 0;
		};
		186024FD1F1607970044324D /* Frameworks */ = {
			isa = PBXFrameworksBuildPhase;
			buildActionMask = 2147483647;
			files = (
			);
			runOnlyForDeploymentPostprocessing = 0;
		};
/* End PBXFrameworksBuildPhase section */

/* Begin PBXGroup section */
		186024D31F1607960044324D = {
			isa = PBXGroup;
			children = (
				186A487C1F160EB200A7D90D /* . gitignore */,
				186024DE1F1607970044324D /* djz */,
				186024F81F1607970044324D /* djzTests */,
				186025031F1607970044324D /* djzUITests */,
				186024DD1F1607970044324D /* Products */,
			);
			sourceTree = "<group>";
		};
		186024DD1F1607970044324D /* Products */ = {
			isa = PBXGroup;
			children = (
				186024DC1F1607970044324D /* djz.app */,
				186024F51F1607970044324D /* djzTests.xctest */,
				186025001F1607970044324D /* djzUITests.xctest */,
			);
			name = Products;
			sourceTree = "<group>";
		};
		186024DE1F1607970044324D /* djz */ = {
			isa = PBXGroup;
			children = (
				186024E21F1607970044324D /* AppDelegate.h */,
				186024E31F1607970044324D /* AppDelegate.m */,
				186024E51F1607970044324D /* ViewController.h */,
				186024E61F1607970044324D /* ViewController.m */,
				186024E81F1607970044324D /* Main.storyboard */,
				186024EB1F1607970044324D /* Assets.xcassets */,
				186024ED1F1607970044324D /* LaunchScreen.storyboard */,
				186024F01F1607970044324D /* Info.plist */,
				186024DF1F1607970044324D /* Supporting Files */,
			);
			path = djz;
			sourceTree = "<group>";
		};
		186024DF1F1607970044324D /* Supporting Files */ = {
			isa = PBXGroup;
			children = (
				186024E01F1607970044324D /* main.m */,
			);
			name = "Supporting Files";
			sourceTree = "<group>";
		};
		186024F81F1607970044324D /* djzTests */ = {
			isa = PBXGroup;
			children = (
				186024F91F1607970044324D /* djzTests.m */,
				186024FB1F1607970044324D /* Info.plist */,
			);
			path = djzTests;
			sourceTree = "<group>";
		};
		186025031F1607970044324D /* djzUITests */ = {
			isa = PBXGroup;
			children = (
				186025041F1607970044324D /* djzUITests.m */,
				186025061F1607970044324D /* Info.plist */,
			);
			path = djzUITests;
			sourceTree = "<group>";
		};
/* End PBXGroup section */

/* Begin PBXNativeTarget section */
		186024DB1F1607970044324D /* djz */ = {
			isa = PBXNativeTarget;
			buildConfigurationList = 186025091F1607970044324D /* Build configuration list for PBXNativeTarget "djz" */;
			buildPhases = (
				186024D81F1607970044324D /* Sources */,
				186024D91F1607970044324D /* Frameworks */,
				186024DA1F1607970044324D /* Resources */,
			);
			buildRules = (
			);
			dependencies = (
			);
			name = djz;
			productName = djz;
			productReference = 186024DC1F1607970044324D /* djz.app */;
			productType = "com.apple.product-type.application";
		};
		186024F41F1607970044324D /* djzTests */ = {
			isa = PBXNativeTarget;
			buildConfigurationList = 1860250C1F1607970044324D /* Build configuration list for PBXNativeTarget "djzTests" */;
			buildPhases = (
				186024F11F1607970044324D /* Sources */,
				186024F21F1607970044324D /* Frameworks */,
				186024F31F1607970044324D /* Resources */,
			);
			buildRules = (
			);
			dependencies = (
				186024F71F1607970044324D /* PBXTargetDependency */,
			);
			name = djzTests;
			productName = djzTests;
			productReference = 186024F51F1607970044324D /* djzTests.xctest */;
			productType = "com.apple.product-type.bundle.unit-test";
		};
		186024FF1F1607970044324D /* djzUITests */ = {
			isa = PBXNativeTarget;
			buildConfigurationList = 1860250F1F1607970044324D /* Build configuration list for PBXNativeTarget "djzUITests" */;
			buildPhases = (
				186024FC1F1607970044324D /* Sources */,
				186024FD1F1607970044324D /* Frameworks */,
				186024FE1F1607970044324D /* Resources */,
			);
			buildRules = (
			);
			dependencies = (
				186025021F1607970044324D /* PBXTargetDependency */,
			);
			name = djzUITests;
			productName = djzUITests;
			productReference = 186025001F1607970044324D /* djzUITests.xctest */;
			productType = "com.apple.product-type.bundle.ui-testing";
		};
/* End PBXNativeTarget section */

/* Begin PBXProject section */
		186024D41F1607960044324D /* Project object */ = {
			isa = PBXProject;
			attributes = {
				LastUpgradeCheck = 0830;
				ORGANIZATIONNAME = Apple;
				TargetAttributes = {
					186024DB1F1607970044324D = {
						CreatedOnToolsVersion = 8.3.3;
						ProvisioningStyle = Automatic;
					};
					186024F41F1607970044324D = {
						CreatedOnToolsVersion = 8.3.3;
						ProvisioningStyle = Automatic;
						TestTargetID = 186024DB1F1607970044324D;
					};
					186024FF1F1607970044324D = {
						CreatedOnToolsVersion = 8.3.3;
						ProvisioningStyle = Automatic;
						TestTargetID = 186024DB1F1607970044324D;
					};
				};
			};
			buildConfigurationList = 186024D71F1607960044324D /* Build configuration list for PBXProject "djz" */;
			compatibilityVersion = "Xcode 3.2";
			developmentRegion = English;
			hasScannedForEncodings = 0;
			knownRegions = (
				en,
				Base,
			);
			mainGroup = 186024D31F1607960044324D;
			productRefGroup = 186024DD1F1607970044324D /* Products */;
			projectDirPath = "";
			projectRoot = "";
			targets = (
				186024DB1F1607970044324D /* djz */,
				186024F41F1607970044324D /* djzTests */,
				186024FF1F1607970044324D /* djzUITests */,
			);
		};
/* End PBXProject section */

/* Begin PBXResourcesBuildPhase section */
		186024DA1F1607970044324D /* Resources */ = {
			isa = PBXResourcesBuildPhase;
			buildActionMask = 2147483647;
			files = (
				186024EF1F1607970044324D /* LaunchScreen.storyboard in Resources */,
				186A487D1F160EB200A7D90D /* . gitignore in Resources */,
				186024EC1F1607970044324D /* Assets.xcassets in Resources */,
				186024EA1F1607970044324D /* Main.storyboard in Resources */,
			);
			runOnlyForDeploymentPostprocessing = 0;
		};
		186024F31F1607970044324D /* Resources */ = {
			isa = PBXResourcesBuildPhase;
			buildActionMask = 2147483647;
			files = (
			);
			runOnlyForDeploymentPostprocessing = 0;
		};
		186024FE1F1607970044324D /* Resources */ = {
			isa = PBXResourcesBuildPhase;
			buildActionMask = 2147483647;
			files = (
			);
			runOnlyForDeploymentPostprocessing = 0;
		};
/* End PBXResourcesBuildPhase section */

/* Begin PBXSourcesBuildPhase section */
		186024D81F1607970044324D /* Sources */ = {
			isa = PBXSourcesBuildPhase;
			buildActionMask = 2147483647;
			files = (
				186024E71F1607970044324D /* ViewController.m in Sources */,
				186024E41F1607970044324D /* AppDelegate.m in Sources */,
				186024E11F1607970044324D /* main.m in Sources */,
			);
			runOnlyForDeploymentPostprocessing = 0;
		};
		186024F11F1607970044324D /* Sources */ = {
			isa = PBXSourcesBuildPhase;
			buildActionMask = 2147483647;
			files = (
				186024FA1F1607970044324D /* djzTests.m in Sources */,
			);
			runOnlyForDeploymentPostprocessing = 0;
		};
		186024FC1F1607970044324D /* Sources */ = {
			isa = PBXSourcesBuildPhase;
			buildActionMask = 2147483647;
			files = (
				186025051F1607970044324D /* djzUITests.m in Sources */,
			);
			runOnlyForDeploymentPostprocessing = 0;
		};
/* End PBXSourcesBuildPhase section */

/* Begin PBXTargetDependency section */
		186024F71F1607970044324D /* PBXTargetDependency */ = {
			isa = PBXTargetDependency;
			target = 186024DB1F1607970044324D /* djz */;
			targetProxy = 186024F61F1607970044324D /* PBXContainerItemProxy */;
		};
		186025021F1607970044324D /* PBXTargetDependency */ = {
			isa = PBXTargetDependency;
			target = 186024DB1F1607970044324D /* djz */;
			targetProxy = 186025011F1607970044324D /* PBXContainerItemProxy */;
		};
/* End PBXTargetDependency section */

/* Begin PBXVariantGroup section */
		186024E81F1607970044324D /* Main.storyboard */ = {
			isa = PBXVariantGroup;
			children = (
				186024E91F1607970044324D /* Base */,
			);
			name = Main.storyboard;
			sourceTree = "<group>";
		};
		186024ED1F1607970044324D /* LaunchScreen.storyboard */ = {
			isa = PBXVariantGroup;
			children = (
				186024EE1F1607970044324D /* Base */,
			);
			name = LaunchScreen.storyboard;
			sourceTree = "<group>";
		};
/* End PBXVariantGroup section */

/* Begin XCBuildConfiguration section */
		186025071F1607970044324D /* Debug */ = {
			isa = XCBuildConfiguration;
			buildSettings = {
				ALWAYS_SEARCH_USER_PATHS = NO;
				CLANG_ANALYZER_NONNULL = YES;
				CLANG_ANALYZER_NUMBER_OBJECT_CONVERSION = YES_AGGRESSIVE;
				CLANG_CXX_LANGUAGE_STANDARD = "gnu++0x";
				CLANG_CXX_LIBRARY = "libc++";
				CLANG_ENABLE_MODULES = YES;
				CLANG_ENABLE_OBJC_ARC = YES;
				CLANG_WARN_BOOL_CONVERSION = YES;
				CLANG_WARN_CONSTANT_CONVERSION = YES;
				CLANG_WARN_DIRECT_OBJC_ISA_USAGE = YES_ERROR;
				CLANG_WARN_DOCUMENTATION_COMMENTS = YES;
				CLANG_WARN_EMPTY_BODY = YES;
				CLANG_WARN_ENUM_CONVERSION = YES;
				CLANG_WARN_INFINITE_RECURSION = YES;
				CLANG_WARN_INT_CONVERSION = YES;
				CLANG_WARN_OBJC_ROOT_CLASS = YES_ERROR;
				CLANG_WARN_SUSPICIOUS_MOVE = YES;
				CLANG_WARN_UNREACHABLE_CODE = YES;
				CLANG_WARN__DUPLICATE_METHOD_MATCH = YES;
				"CODE_SIGN_IDENTITY[sdk=iphoneos*]" = "iPhone Developer";
				COPY_PHASE_STRIP = NO;
				DEBUG_INFORMATION_FORMAT = dwarf;
				ENABLE_STRICT_OBJC_MSGSEND = YES;
				ENABLE_TESTABILITY = YES;
				GCC_C_LANGUAGE_STANDARD = gnu99;
				GCC_DYNAMIC_NO_PIC = NO;
				GCC_NO_COMMON_BLOCKS = YES;
				GCC_OPTIMIZATION_LEVEL = 0;
				GCC_PREPROCESSOR_DEFINITIONS = (
					"DEBUG=1",
					"$(inherited)",
				);
				GCC_WARN_64_TO_32_BIT_CONVERSION = YES;
				GCC_WARN_ABOUT_RETURN_TYPE = YES_ERROR;
				GCC_WARN_UNDECLARED_SELECTOR = YES;
				GCC_WARN_UNINITIALIZED_AUTOS = YES_AGGRESSIVE;
				GCC_WARN_UNUSED_FUNCTION = YES;
				GCC_WARN_UNUSED_VARIABLE = YES;
				IPHONEOS_DEPLOYMENT_TARGET = 10.3;
				MTL_ENABLE_DEBUG_INFO = YES;
				ONLY_ACTIVE_ARCH = YES;
				SDKROOT = iphoneos;
				TARGETED_DEVICE_FAMILY = "1,2";
			};
			name = Debug;
		};
		186025081F1607970044324D /* Release */ = {
			isa = XCBuildConfiguration;
			buildSettings = {
				ALWAYS_SEARCH_USER_PATHS = NO;
				CLANG_ANALYZER_NONNULL = YES;
				CLANG_ANALYZER_NUMBER_OBJECT_CONVERSION = YES_AGGRESSIVE;
				CLANG_CXX_LANGUAGE_STANDARD = "gnu++0x";
				CLANG_CXX_LIBRARY = "libc++";
				CLANG_ENABLE_MODULES = YES;
				CLANG_ENABLE_OBJC_ARC = YES;
				CLANG_WARN_BOOL_CONVERSION = YES;
				CLANG_WARN_CONSTANT_CONVERSION = YES;
				CLANG_WARN_DIRECT_OBJC_ISA_USAGE = YES_ERROR;
				CLANG_WARN_DOCUMENTATION_COMMENTS = YES;
				CLANG_WARN_EMPTY_BODY = YES;
				CLANG_WARN_ENUM_CONVERSION = YES;
				CLANG_WARN_INFINITE_RECURSION = YES;
				CLANG_WARN_INT_CONVERSION = YES;
				CLANG_WARN_OBJC_ROOT_CLASS = YES_ERROR;
				CLANG_WARN_SUSPICIOUS_MOVE = YES;
				CLANG_WARN_UNREACHABLE_CODE = YES;
				CLANG_WARN__DUPLICATE_METHOD_MATCH = YES;
				"CODE_SIGN_IDENTITY[sdk=iphoneos*]" = "iPhone Developer";
				COPY_PHASE_STRIP = NO;
				DEBUG_INFORMATION_FORMAT = "dwarf-with-dsym";
				ENABLE_NS_ASSERTIONS = NO;
				ENABLE_STRICT_OBJC_MSGSEND = YES;
				GCC_C_LANGUAGE_STANDARD = gnu99;
				GCC_NO_COMMON_BLOCKS = YES;
				GCC_WARN_64_TO_32_BIT_CONVERSION = YES;
				GCC_WARN_ABOUT_RETURN_TYPE = YES_ERROR;
				GCC_WARN_UNDECLARED_SELECTOR = YES;
				GCC_WARN_UNINITIALIZED_AUTOS = YES_AGGRESSIVE;
				GCC_WARN_UNUSED_FUNCTION = YES;
				GCC_WARN_UNUSED_VARIABLE = YES;
				IPHONEOS_DEPLOYMENT_TARGET = 10.3;
				MTL_ENABLE_DEBUG_INFO = NO;
				SDKROOT = iphoneos;
				TARGETED_DEVICE_FAMILY = "1,2";
				VALIDATE_PRODUCT = YES;
			};
			name = Release;
		};
		1860250A1F1607970044324D /* Debug */ = {
			isa = XCBuildConfiguration;
			buildSettings = {
				ASSETCATALOG_COMPILER_APPICON_NAME = AppIcon;
				INFOPLIST_FILE = djz/Info.plist;
				LD_RUNPATH_SEARCH_PATHS = "$(inherited) @executable_path/Frameworks";
				PRODUCT_BUNDLE_IDENTIFIER = www.Apple.djz;
				PRODUCT_NAME = "$(TARGET_NAME)";
			};
			name = Debug;
		};
		1860250B1F1607970044324D /* Release */ = {
			isa = XCBuildConfiguration;
			buildSettings = {
				ASSETCATALOG_COMPILER_APPICON_NAME = AppIcon;
				INFOPLIST_FILE = djz/Info.plist;
				LD_RUNPATH_SEARCH_PATHS = "$(inherited) @executable_path/Frameworks";
				PRODUCT_BUNDLE_IDENTIFIER = www.Apple.djz;
				PRODUCT_NAME = "$(TARGET_NAME)";
			};
			name = Release;
		};
		1860250D1F1607970044324D /* Debug */ = {
			isa = XCBuildConfiguration;
			buildSettings = {
				BUNDLE_LOADER = "$(TEST_HOST)";
				INFOPLIST_FILE = djzTests/Info.plist;
				LD_RUNPATH_SEARCH_PATHS = "$(inherited) @executable_path/Frameworks @loader_path/Frameworks";
				PRODUCT_BUNDLE_IDENTIFIER = www.Apple.djzTests;
				PRODUCT_NAME = "$(TARGET_NAME)";
				TEST_HOST = "$(BUILT_PRODUCTS_DIR)/djz.app/djz";
			};
			name = Debug;
		};
		1860250E1F1607970044324D /* Release */ = {
			isa = XCBuildConfiguration;
			buildSettings = {
				BUNDLE_LOADER = "$(TEST_HOST)";
				INFOPLIST_FILE = djzTests/Info.plist;
				LD_RUNPATH_SEARCH_PATHS = "$(inherited) @executable_path/Frameworks @loader_path/Frameworks";
				PRODUCT_BUNDLE_IDENTIFIER = www.Apple.djzTests;
				PRODUCT_NAME = "$(TARGET_NAME)";
				TEST_HOST = "$(BUILT_PRODUCTS_DIR)/djz.app/djz";
			};
			name = Release;
		};
		186025101F1607970044324D /* Debug */ = {
			isa = XCBuildConfiguration;
			buildSettings = {
				INFOPLIST_FILE = djzUITests/Info.plist;
				LD_RUNPATH_SEARCH_PATHS = "$(inherited) @executable_path/Frameworks @loader_path/Frameworks";
				PRODUCT_BUNDLE_IDENTIFIER = www.Apple.djzUITests;
				PRODUCT_NAME = "$(TARGET_NAME)";
				TEST_TARGET_NAME = djz;
			};
			name = Debug;
		};
		186025111F1607970044324D /* Release */ = {
			isa = XCBuildConfiguration;
			buildSettings = {
				INFOPLIST_FILE = djzUITests/Info.plist;
				LD_RUNPATH_SEARCH_PATHS = "$(inherited) @executable_path/Frameworks @loader_path/Frameworks";
				PRODUCT_BUNDLE_IDENTIFIER = www.Apple.djzUITests;
				PRODUCT_NAME = "$(TARGET_NAME)";
				TEST_TARGET_NAME = djz;
			};
			name = Release;
		};
/* End XCBuildConfiguration section */

/* Begin XCConfigurationList section */
		186024D71F1607960044324D /* Build configuration list for PBXProject "djz" */ = {
			isa = XCConfigurationList;
			buildConfigurations = (
				186025071F1607970044324D /* Debug */,
				186025081F1607970044324D /* Release */,
			);
			defaultConfigurationIsVisible = 0;
			defaultConfigurationName = Release;
		};
		186025091F1607970044324D /* Build configuration list for PBXNativeTarget "djz" */ = {
			isa = XCConfigurationList;
			buildConfigurations = (
				1860250A1F1607970044324D /* Debug */,
				1860250B1F1607970044324D /* Release */,
			);
			defaultConfigurationIsVisible = 0;
			defaultConfigurationName = Release;
		};
		1860250C1F1607970044324D /* Build configuration list for PBXNativeTarget "djzTests" */ = {
			isa = XCConfigurationList;
			buildConfigurations = (
				1860250D1F1607970044324D /* Debug */,
				1860250E1F1607970044324D /* Release */,
			);
			defaultConfigurationIsVisible = 0;
			defaultConfigurationName = Release;
		};
		1860250F1F1607970044324D /* Build configuration list for PBXNativeTarget "djzUITests" */ = {
			isa = XCConfigurationList;
			buildConfigurations = (
				186025101F1607970044324D /* Debug */,
				186025111F1607970044324D /* Release */,
			);
			defaultConfigurationIsVisible = 0;
			defaultConfigurationName = Release;
		};
/* End XCConfigurationList section */
	};
	rootObject = 186024D41F1607960044324D /* Project object */;
}
